
Microsoft Visual Studio Solution File, Format Version 12.00
# Visual Studio Version 17
VisualStudioVersion = 17.1.32407.343
MinimumVisualStudioVersion = 10.0.40219.1
Project("{9A19103F-16F7-4668-BE54-9A1E7A4F7556}") = "WCQuatar2k22", "WCQuatar2k22\WCQuatar2k22.csproj", "{C089BE74-7E3A-424A-A6CF-78C1D8E67B1A}"
EndProject
Project("{9A19103F-16F7-4668-BE54-9A1E7A4F7556}") = "WCQuatar2k22.Domain", "WCQuatar2k22.Domain\WCQuatar2k22.Domain.csproj", "{EFBCD5A8-AC45-4185-97E2-C5AE5535FE86}"
EndProject
Project("{9A19103F-16F7-4668-BE54-9A1E7A4F7556}") = "WCQuatar2k22.BusinessLogic", "WCQuatar2k22.BusinessLogic\WCQuatar2k22.BusinessLogic.csproj", "{1C02DDE4-A9BF-4FE4-93A9-86D2CCB3C773}"
EndProject
Project("{9A19103F-16F7-4668-BE54-9A1E7A4F7556}") = "WCQuatar2k22.Repository", "WCQuatar2k22.Repository\WCQuatar2k22.Repository.csproj", "{C9766CF3-60EE-485E-8205-7D9F9451A095}"
EndProject
Project("{2150E333-8FDC-42A3-9474-1A3956D46DE8}") = "Solution Items", "Solution Items", "{3149A68B-C3A2-46E1-92D1-48D45AC5EED2}"
	ProjectSection(SolutionItems) = preProject
		Diagram.cd = Diagram.cd
	EndProjectSection
EndProject
Global
	GlobalSection(SolutionConfigurationPlatforms) = preSolution
		Debug|Any CPU = Debug|Any CPU
		Release|Any CPU = Release|Any CPU
	EndGlobalSection
	GlobalSection(ProjectConfigurationPlatforms) = postSolution
		{C089BE74-7E3A-424A-A6CF-78C1D8E67B1A}.Debug|Any CPU.ActiveCfg = Debug|Any CPU
		{C089BE74-7E3A-424A-A6CF-78C1D8E67B1A}.Debug|Any CPU.Build.0 = Debug|Any CPU
		{C089BE74-7E3A-424A-A6CF-78C1D8E67B1A}.Release|Any CPU.ActiveCfg = Release|Any CPU
		{C089BE74-7E3A-424A-A6CF-78C1D8E67B1A}.Release|Any CPU.Build.0 = Release|Any CPU
		{EFBCD5A8-AC45-4185-97E2-C5AE5535FE86}.Debug|Any CPU.ActiveCfg = Debug|Any CPU
		{EFBCD5A8-AC45-4185-97E2-C5AE5535FE86}.Debug|Any CPU.Build.0 = Debug|Any CPU
		{EFBCD5A8-AC45-4185-97E2-C5AE5535FE86}.Release|Any CPU.ActiveCfg = Release|Any CPU
		{EFBCD5A8-AC45-4185-97E2-C5AE5535FE86}.Release|Any CPU.Build.0 = Release|Any CPU
		{1C02DDE4-A9BF-4FE4-93A9-86D2CCB3C773}.Debug|Any CPU.ActiveCfg = Debug|Any CPU
		{1C02DDE4-A9BF-4FE4-93A9-86D2CCB3C773}.Debug|Any CPU.Build.0 = Debug|Any CPU
		{1C02DDE4-A9BF-4FE4-93A9-86D2CCB3C773}.Release|Any CPU.ActiveCfg = Release|Any CPU
		{1C02DDE4-A9BF-4FE4-93A9-86D2CCB3C773}.Release|Any CPU.Build.0 = Release|Any CPU
		{C9766CF3-60EE-485E-8205-7D9F9451A095}.Debug|Any CPU.ActiveCfg = Debug|Any CPU
		{C9766CF3-60EE-485E-8205-7D9F9451A095}.Debug|Any CPU.Build.0 = Debug|Any CPU
		{C9766CF3-60EE-485E-8205-7D9F9451A095}.Release|Any CPU.ActiveCfg = Release|Any CPU
		{C9766CF3-60EE-485E-8205-7D9F9451A095}.Release|Any CPU.Build.0 = Release|Any CPU
	EndGlobalSection
	GlobalSection(SolutionProperties) = preSolution
		HideSolutionNode = FALSE
	EndGlobalSection
	GlobalSection(ExtensibilityGlobals) = postSolution
		SolutionGuid = {579FE8C3-913F-4084-BA30-1DEFB0AB6A73}
	EndGlobalSection
EndGlobal
